
Microsoft Visual Studio Solution File, Format Version 12.00
# Visual Studio 15
VisualStudioVersion = 15.0.27428.2015
MinimumVisualStudioVersion = 10.0.40219.1
Project("{FAE04EC0-301F-11D3-BF4B-00C04F79EFBC}") = "PortMuxRTool", "PortMuxRTool\PortMuxRTool.csproj", "{ECE7A09B-66BE-4ED5-A440-B723D4EB82E8}"
EndProject
Global
	GlobalSection(SolutionConfigurationPlatforms) = preSolution
		Debug|Any CPU = Debug|Any CPU
		Release|Any CPU = Release|Any CPU
	EndGlobalSection
	GlobalSection(ProjectConfigurationPlatforms) = postSolution
		{ECE7A09B-66BE-4ED5-A440-B723D4EB82E8}.Debug|Any CPU.ActiveCfg = Debug|Any CPU
		{ECE7A09B-66BE-4ED5-A440-B723D4EB82E8}.Debug|Any CPU.Build.0 = Debug|Any CPU
		{ECE7A09B-66BE-4ED5-A440-B723D4EB82E8}.Release|Any CPU.ActiveCfg = Release|Any CPU
		{ECE7A09B-66BE-4ED5-A440-B723D4EB82E8}.Release|Any CPU.Build.0 = Release|Any CPU
	EndGlobalSection
	GlobalSection(SolutionProperties) = preSolution
		HideSolutionNode = FALSE
	EndGlobalSection
	GlobalSection(ExtensibilityGlobals) = postSolution
		SolutionGuid = {135F3B56-B0F4-4E4D-B856-3AC3562A686A}
	EndGlobalSection
EndGlobal
